// !$*UTF8*$!
{
	archiveVersion = 1;
	classes = {
	};
	objectVersion = 46;
	objects = {

/* Begin PBXBuildFile section */
		453937E918E35C9F009F2763 /* XCTestCase+ADMTestingExtensions.m in Sources */ = {isa = PBXBuildFile; fileRef = 453937E818E35C9F009F2763 /* XCTestCase+ADMTestingExtensions.m */; };
		4570037818E0B38D00BC15CD /* Foundation.framework in Frameworks */ = {isa = PBXBuildFile; fileRef = 4570037718E0B38D00BC15CD /* Foundation.framework */; };
		4570037A18E0B38D00BC15CD /* CoreGraphics.framework in Frameworks */ = {isa = PBXBuildFile; fileRef = 4570037918E0B38D00BC15CD /* CoreGraphics.framework */; };
		4570037C18E0B38D00BC15CD /* UIKit.framework in Frameworks */ = {isa = PBXBuildFile; fileRef = 4570037B18E0B38D00BC15CD /* UIKit.framework */; };
		4570038218E0B38D00BC15CD /* InfoPlist.strings in Resources */ = {isa = PBXBuildFile; fileRef = 4570038018E0B38D00BC15CD /* InfoPlist.strings */; };
		4570038418E0B38D00BC15CD /* main.m in Sources */ = {isa = PBXBuildFile; fileRef = 4570038318E0B38D00BC15CD /* main.m */; };
		4570038818E0B38D00BC15CD /* ADMAppDelegate.m in Sources */ = {isa = PBXBuildFile; fileRef = 4570038718E0B38D00BC15CD /* ADMAppDelegate.m */; };
		4570038B18E0B38D00BC15CD /* Main.storyboard in Resources */ = {isa = PBXBuildFile; fileRef = 4570038918E0B38D00BC15CD /* Main.storyboard */; };
		4570038E18E0B38D00BC15CD /* ADMViewController.m in Sources */ = {isa = PBXBuildFile; fileRef = 4570038D18E0B38D00BC15CD /* ADMViewController.m */; };
		4570039018E0B38D00BC15CD /* Images.xcassets in Resources */ = {isa = PBXBuildFile; fileRef = 4570038F18E0B38D00BC15CD /* Images.xcassets */; };
		4570039718E0B38D00BC15CD /* XCTest.framework in Frameworks */ = {isa = PBXBuildFile; fileRef = 4570039618E0B38D00BC15CD /* XCTest.framework */; };
		4570039818E0B38D00BC15CD /* Foundation.framework in Frameworks */ = {isa = PBXBuildFile; fileRef = 4570037718E0B38D00BC15CD /* Foundation.framework */; };
		4570039918E0B38D00BC15CD /* UIKit.framework in Frameworks */ = {isa = PBXBuildFile; fileRef = 4570037B18E0B38D00BC15CD /* UIKit.framework */; };
		457003A118E0B38D00BC15CD /* InfoPlist.strings in Resources */ = {isa = PBXBuildFile; fileRef = 4570039F18E0B38D00BC15CD /* InfoPlist.strings */; };
		457003AF18E0B3F700BC15CD /* ADMTimeTask.m in Sources */ = {isa = PBXBuildFile; fileRef = 457003AE18E0B3F700BC15CD /* ADMTimeTask.m */; };
		457003B118E0B40700BC15CD /* ADMTimeTaskTests.m in Sources */ = {isa = PBXBuildFile; fileRef = 457003B018E0B40700BC15CD /* ADMTimeTaskTests.m */; };
		457003C818E33EFE00BC15CD /* ADMTimeTasksConnector.m in Sources */ = {isa = PBXBuildFile; fileRef = 457003C718E33EFE00BC15CD /* ADMTimeTasksConnector.m */; };
		457003CA18E33F1000BC15CD /* ADMTimeTasksConnectorTests.m in Sources */ = {isa = PBXBuildFile; fileRef = 457003C918E33F1000BC15CD /* ADMTimeTasksConnectorTests.m */; };
		45C0805818E45BB000D84073 /* ADMViewControllerTests.m in Sources */ = {isa = PBXBuildFile; fileRef = 45C0805718E45BB000D84073 /* ADMViewControllerTests.m */; };
		45C0805B18E4642300D84073 /* ADMTableViewHandler.m in Sources */ = {isa = PBXBuildFile; fileRef = 45C0805A18E4642300D84073 /* ADMTableViewHandler.m */; };
		45C0805D18E4643600D84073 /* ADMTableViewHandlerTests.m in Sources */ = {isa = PBXBuildFile; fileRef = 45C0805C18E4643600D84073 /* ADMTableViewHandlerTests.m */; };
		45C0806E18E475E900D84073 /* libOCMock.a in Frameworks */ = {isa = PBXBuildFile; fileRef = 45C0806D18E475E900D84073 /* libOCMock.a */; };
		45C0807118E4ACCE00D84073 /* ADMTableViewCell.m in Sources */ = {isa = PBXBuildFile; fileRef = 45C0807018E4ACCE00D84073 /* ADMTableViewCell.m */; };
		45C0807318E4ACE500D84073 /* ADMTableViewCellTests.m in Sources */ = {isa = PBXBuildFile; fileRef = 45C0807218E4ACE500D84073 /* ADMTableViewCellTests.m */; };
/* End PBXBuildFile section */

/* Begin PBXContainerItemProxy section */
		4570039A18E0B38D00BC15CD /* PBXContainerItemProxy */ = {
			isa = PBXContainerItemProxy;
			containerPortal = 4570036C18E0B38D00BC15CD /* Project object */;
			proxyType = 1;
			remoteGlobalIDString = 4570037318E0B38D00BC15CD;
			remoteInfo = TimeTasks;
		};
/* End PBXContainerItemProxy section */

/* Begin PBXFileReference section */
		453937E718E35C9F009F2763 /* XCTestCase+ADMTestingExtensions.h */ = {isa = PBXFileReference; fileEncoding = 4; lastKnownFileType = sourcecode.c.h; path = "XCTestCase+ADMTestingExtensions.h"; sourceTree = "<group>"; };
		453937E818E35C9F009F2763 /* XCTestCase+ADMTestingExtensions.m */ = {isa = PBXFileReference; fileEncoding = 4; lastKnownFileType = sourcecode.c.objc; path = "XCTestCase+ADMTestingExtensions.m"; sourceTree = "<group>"; };
		4570037418E0B38D00BC15CD /* TimeTasks.app */ = {isa = PBXFileReference; explicitFileType = wrapper.application; includeInIndex = 0; path = TimeTasks.app; sourceTree = BUILT_PRODUCTS_DIR; };
		4570037718E0B38D00BC15CD /* Foundation.framework */ = {isa = PBXFileReference; lastKnownFileType = wrapper.framework; name = Foundation.framework; path = System/Library/Frameworks/Foundation.framework; sourceTree = SDKROOT; };
		4570037918E0B38D00BC15CD /* CoreGraphics.framework */ = {isa = PBXFileReference; lastKnownFileType = wrapper.framework; name = CoreGraphics.framework; path = System/Library/Frameworks/CoreGraphics.framework; sourceTree = SDKROOT; };
		4570037B18E0B38D00BC15CD /* UIKit.framework */ = {isa = PBXFileReference; lastKnownFileType = wrapper.framework; name = UIKit.framework; path = System/Library/Frameworks/UIKit.framework; sourceTree = SDKROOT; };
		4570037F18E0B38D00BC15CD /* TimeTasks-Info.plist */ = {isa = PBXFileReference; lastKnownFileType = text.plist.xml; path = "TimeTasks-Info.plist"; sourceTree = "<group>"; };
		4570038118E0B38D00BC15CD /* en */ = {isa = PBXFileReference; lastKnownFileType = text.plist.strings; name = en; path = en.lproj/InfoPlist.strings; sourceTree = "<group>"; };
		4570038318E0B38D00BC15CD /* main.m */ = {isa = PBXFileReference; lastKnownFileType = sourcecode.c.objc; path = main.m; sourceTree = "<group>"; };
		4570038518E0B38D00BC15CD /* TimeTasks-Prefix.pch */ = {isa = PBXFileReference; lastKnownFileType = sourcecode.c.h; path = "TimeTasks-Prefix.pch"; sourceTree = "<group>"; };
		4570038618E0B38D00BC15CD /* ADMAppDelegate.h */ = {isa = PBXFileReference; lastKnownFileType = sourcecode.c.h; path = ADMAppDelegate.h; sourceTree = "<group>"; };
		4570038718E0B38D00BC15CD /* ADMAppDelegate.m */ = {isa = PBXFileReference; lastKnownFileType = sourcecode.c.objc; path = ADMAppDelegate.m; sourceTree = "<group>"; };
		4570038A18E0B38D00BC15CD /* Base */ = {isa = PBXFileReference; lastKnownFileType = file.storyboard; name = Base; path = Base.lproj/Main.storyboard; sourceTree = "<group>"; };
		4570038C18E0B38D00BC15CD /* ADMViewController.h */ = {isa = PBXFileReference; lastKnownFileType = sourcecode.c.h; path = ADMViewController.h; sourceTree = "<group>"; };
		4570038D18E0B38D00BC15CD /* ADMViewController.m */ = {isa = PBXFileReference; lastKnownFileType = sourcecode.c.objc; path = ADMViewController.m; sourceTree = "<group>"; };
		4570038F18E0B38D00BC15CD /* Images.xcassets */ = {isa = PBXFileReference; lastKnownFileType = folder.assetcatalog; path = Images.xcassets; sourceTree = "<group>"; };
		4570039518E0B38D00BC15CD /* TimeTasksTests.xctest */ = {isa = PBXFileReference; explicitFileType = wrapper.cfbundle; includeInIndex = 0; path = TimeTasksTests.xctest; sourceTree = BUILT_PRODUCTS_DIR; };
		4570039618E0B38D00BC15CD /* XCTest.framework */ = {isa = PBXFileReference; lastKnownFileType = wrapper.framework; name = XCTest.framework; path = Library/Frameworks/XCTest.framework; sourceTree = DEVELOPER_DIR; };
		4570039E18E0B38D00BC15CD /* TimeTasksTests-Info.plist */ = {isa = PBXFileReference; lastKnownFileType = text.plist.xml; path = "TimeTasksTests-Info.plist"; sourceTree = "<group>"; };
		457003A018E0B38D00BC15CD /* en */ = {isa = PBXFileReference; lastKnownFileType = text.plist.strings; name = en; path = en.lproj/InfoPlist.strings; sourceTree = "<group>"; };
		457003AD18E0B3F700BC15CD /* ADMTimeTask.h */ = {isa = PBXFileReference; fileEncoding = 4; lastKnownFileType = sourcecode.c.h; path = ADMTimeTask.h; sourceTree = "<group>"; };
		457003AE18E0B3F700BC15CD /* ADMTimeTask.m */ = {isa = PBXFileReference; fileEncoding = 4; lastKnownFileType = sourcecode.c.objc; path = ADMTimeTask.m; sourceTree = "<group>"; };
		457003B018E0B40700BC15CD /* ADMTimeTaskTests.m */ = {isa = PBXFileReference; fileEncoding = 4; lastKnownFileType = sourcecode.c.objc; path = ADMTimeTaskTests.m; sourceTree = "<group>"; };
		457003C618E33EFE00BC15CD /* ADMTimeTasksConnector.h */ = {isa = PBXFileReference; fileEncoding = 4; lastKnownFileType = sourcecode.c.h; path = ADMTimeTasksConnector.h; sourceTree = "<group>"; };
		457003C718E33EFE00BC15CD /* ADMTimeTasksConnector.m */ = {isa = PBXFileReference; fileEncoding = 4; lastKnownFileType = sourcecode.c.objc; path = ADMTimeTasksConnector.m; sourceTree = "<group>"; };
		457003C918E33F1000BC15CD /* ADMTimeTasksConnectorTests.m */ = {isa = PBXFileReference; fileEncoding = 4; lastKnownFileType = sourcecode.c.objc; path = ADMTimeTasksConnectorTests.m; sourceTree = "<group>"; };
		45C0805718E45BB000D84073 /* ADMViewControllerTests.m */ = {isa = PBXFileReference; fileEncoding = 4; lastKnownFileType = sourcecode.c.objc; path = ADMViewControllerTests.m; sourceTree = "<group>"; };
		45C0805918E4642300D84073 /* ADMTableViewHandler.h */ = {isa = PBXFileReference; fileEncoding = 4; lastKnownFileType = sourcecode.c.h; path = ADMTableViewHandler.h; sourceTree = "<group>"; };
		45C0805A18E4642300D84073 /* ADMTableViewHandler.m */ = {isa = PBXFileReference; fileEncoding = 4; lastKnownFileType = sourcecode.c.objc; path = ADMTableViewHandler.m; sourceTree = "<group>"; };
		45C0805C18E4643600D84073 /* ADMTableViewHandlerTests.m */ = {isa = PBXFileReference; fileEncoding = 4; lastKnownFileType = sourcecode.c.objc; path = ADMTableViewHandlerTests.m; sourceTree = "<group>"; };
		45C0806D18E475E900D84073 /* libOCMock.a */ = {isa = PBXFileReference; lastKnownFileType = archive.ar; name = libOCMock.a; path = usr/lib/libOCMock.a; sourceTree = "<group>"; };
		45C0806F18E4ACCE00D84073 /* ADMTableViewCell.h */ = {isa = PBXFileReference; fileEncoding = 4; lastKnownFileType = sourcecode.c.h; path = ADMTableViewCell.h; sourceTree = "<group>"; };
		45C0807018E4ACCE00D84073 /* ADMTableViewCell.m */ = {isa = PBXFileReference; fileEncoding = 4; lastKnownFileType = sourcecode.c.objc; path = ADMTableViewCell.m; sourceTree = "<group>"; };
		45C0807218E4ACE500D84073 /* ADMTableViewCellTests.m */ = {isa = PBXFileReference; fileEncoding = 4; lastKnownFileType = sourcecode.c.objc; path = ADMTableViewCellTests.m; sourceTree = "<group>"; };
/* End PBXFileReference section */

/* Begin PBXFrameworksBuildPhase section */
		4570037118E0B38D00BC15CD /* Frameworks */ = {
			isa = PBXFrameworksBuildPhase;
			buildActionMask = 2147483647;
			files = (
				4570037A18E0B38D00BC15CD /* CoreGraphics.framework in Frameworks */,
				4570037C18E0B38D00BC15CD /* UIKit.framework in Frameworks */,
				4570037818E0B38D00BC15CD /* Foundation.framework in Frameworks */,
			);
			runOnlyForDeploymentPostprocessing = 0;
		};
		4570039218E0B38D00BC15CD /* Frameworks */ = {
			isa = PBXFrameworksBuildPhase;
			buildActionMask = 2147483647;
			files = (
				45C0806E18E475E900D84073 /* libOCMock.a in Frameworks */,
				4570039718E0B38D00BC15CD /* XCTest.framework in Frameworks */,
				4570039918E0B38D00BC15CD /* UIKit.framework in Frameworks */,
				4570039818E0B38D00BC15CD /* Foundation.framework in Frameworks */,
			);
			runOnlyForDeploymentPostprocessing = 0;
		};
/* End PBXFrameworksBuildPhase section */

/* Begin PBXGroup section */
		4570036B18E0B38D00BC15CD = {
			isa = PBXGroup;
			children = (
				4570037D18E0B38D00BC15CD /* TimeTasks */,
				4570039C18E0B38D00BC15CD /* TimeTasksTests */,
				4570037618E0B38D00BC15CD /* Frameworks */,
				4570037518E0B38D00BC15CD /* Products */,
			);
			sourceTree = "<group>";
		};
		4570037518E0B38D00BC15CD /* Products */ = {
			isa = PBXGroup;
			children = (
				4570037418E0B38D00BC15CD /* TimeTasks.app */,
				4570039518E0B38D00BC15CD /* TimeTasksTests.xctest */,
			);
			name = Products;
			sourceTree = "<group>";
		};
		4570037618E0B38D00BC15CD /* Frameworks */ = {
			isa = PBXGroup;
			children = (
				45C0806D18E475E900D84073 /* libOCMock.a */,
				4570037718E0B38D00BC15CD /* Foundation.framework */,
				4570037918E0B38D00BC15CD /* CoreGraphics.framework */,
				4570037B18E0B38D00BC15CD /* UIKit.framework */,
				4570039618E0B38D00BC15CD /* XCTest.framework */,
			);
			name = Frameworks;
			sourceTree = "<group>";
		};
		4570037D18E0B38D00BC15CD /* TimeTasks */ = {
			isa = PBXGroup;
			children = (
				45C0805E18E46B2600D84073 /* Libs */,
				457003AC18E0B3D400BC15CD /* Model */,
				4570038618E0B38D00BC15CD /* ADMAppDelegate.h */,
				4570038718E0B38D00BC15CD /* ADMAppDelegate.m */,
				4570038918E0B38D00BC15CD /* Main.storyboard */,
				45C0806F18E4ACCE00D84073 /* ADMTableViewCell.h */,
				45C0807018E4ACCE00D84073 /* ADMTableViewCell.m */,
				4570038C18E0B38D00BC15CD /* ADMViewController.h */,
				4570038D18E0B38D00BC15CD /* ADMViewController.m */,
				45C0805918E4642300D84073 /* ADMTableViewHandler.h */,
				45C0805A18E4642300D84073 /* ADMTableViewHandler.m */,
				4570038F18E0B38D00BC15CD /* Images.xcassets */,
				4570037E18E0B38D00BC15CD /* Supporting Files */,
			);
			path = TimeTasks;
			sourceTree = "<group>";
		};
		4570037E18E0B38D00BC15CD /* Supporting Files */ = {
			isa = PBXGroup;
			children = (
				4570037F18E0B38D00BC15CD /* TimeTasks-Info.plist */,
				4570038018E0B38D00BC15CD /* InfoPlist.strings */,
				4570038318E0B38D00BC15CD /* main.m */,
				4570038518E0B38D00BC15CD /* TimeTasks-Prefix.pch */,
			);
			name = "Supporting Files";
			sourceTree = "<group>";
		};
		4570039C18E0B38D00BC15CD /* TimeTasksTests */ = {
			isa = PBXGroup;
			children = (
				453937E718E35C9F009F2763 /* XCTestCase+ADMTestingExtensions.h */,
				453937E818E35C9F009F2763 /* XCTestCase+ADMTestingExtensions.m */,
				457003C918E33F1000BC15CD /* ADMTimeTasksConnectorTests.m */,
				457003B018E0B40700BC15CD /* ADMTimeTaskTests.m */,
				45C0805718E45BB000D84073 /* ADMViewControllerTests.m */,
				45C0805C18E4643600D84073 /* ADMTableViewHandlerTests.m */,
				45C0807218E4ACE500D84073 /* ADMTableViewCellTests.m */,
				4570039D18E0B38D00BC15CD /* Supporting Files */,
			);
			path = TimeTasksTests;
			sourceTree = "<group>";
		};
		4570039D18E0B38D00BC15CD /* Supporting Files */ = {
			isa = PBXGroup;
			children = (
				4570039E18E0B38D00BC15CD /* TimeTasksTests-Info.plist */,
				4570039F18E0B38D00BC15CD /* InfoPlist.strings */,
			);
			name = "Supporting Files";
			sourceTree = "<group>";
		};
		457003AC18E0B3D400BC15CD /* Model */ = {
			isa = PBXGroup;
			children = (
				457003AD18E0B3F700BC15CD /* ADMTimeTask.h */,
				457003AE18E0B3F700BC15CD /* ADMTimeTask.m */,
				457003C618E33EFE00BC15CD /* ADMTimeTasksConnector.h */,
				457003C718E33EFE00BC15CD /* ADMTimeTasksConnector.m */,
			);
			name = Model;
			sourceTree = "<group>";
		};
		45C0805E18E46B2600D84073 /* Libs */ = {
			isa = PBXGroup;
			children = (
			);
			name = Libs;
			sourceTree = "<group>";
		};
/* End PBXGroup section */

/* Begin PBXNativeTarget section */
		4570037318E0B38D00BC15CD /* TimeTasks */ = {
			isa = PBXNativeTarget;
			buildConfigurationList = 457003A618E0B38D00BC15CD /* Build configuration list for PBXNativeTarget "TimeTasks" */;
			buildPhases = (
				4570037018E0B38D00BC15CD /* Sources */,
				4570037118E0B38D00BC15CD /* Frameworks */,
				4570037218E0B38D00BC15CD /* Resources */,
			);
			buildRules = (
			);
			dependencies = (
			);
			name = TimeTasks;
			productName = TimeTasks;
			productReference = 4570037418E0B38D00BC15CD /* TimeTasks.app */;
			productType = "com.apple.product-type.application";
		};
		4570039418E0B38D00BC15CD /* TimeTasksTests */ = {
			isa = PBXNativeTarget;
			buildConfigurationList = 457003A918E0B38D00BC15CD /* Build configuration list for PBXNativeTarget "TimeTasksTests" */;
			buildPhases = (
				4570039118E0B38D00BC15CD /* Sources */,
				4570039218E0B38D00BC15CD /* Frameworks */,
				4570039318E0B38D00BC15CD /* Resources */,
			);
			buildRules = (
			);
			dependencies = (
				4570039B18E0B38D00BC15CD /* PBXTargetDependency */,
			);
			name = TimeTasksTests;
			productName = TimeTasksTests;
			productReference = 4570039518E0B38D00BC15CD /* TimeTasksTests.xctest */;
			productType = "com.apple.product-type.bundle.unit-test";
		};
/* End PBXNativeTarget section */

/* Begin PBXProject section */
		4570036C18E0B38D00BC15CD /* Project object */ = {
			isa = PBXProject;
			attributes = {
				CLASSPREFIX = ADM;
				LastUpgradeCheck = 0510;
				ORGANIZATIONNAME = Mush;
				TargetAttributes = {
					4570039418E0B38D00BC15CD = {
						TestTargetID = 4570037318E0B38D00BC15CD;
					};
				};
			};
			buildConfigurationList = 4570036F18E0B38D00BC15CD /* Build configuration list for PBXProject "TimeTasks" */;
			compatibilityVersion = "Xcode 3.2";
			developmentRegion = English;
			hasScannedForEncodings = 0;
			knownRegions = (
				en,
				Base,
			);
			mainGroup = 4570036B18E0B38D00BC15CD;
			productRefGroup = 4570037518E0B38D00BC15CD /* Products */;
			projectDirPath = "";
			projectRoot = "";
			targets = (
				4570037318E0B38D00BC15CD /* TimeTasks */,
				4570039418E0B38D00BC15CD /* TimeTasksTests */,
			);
		};
/* End PBXProject section */

/* Begin PBXResourcesBuildPhase section */
		4570037218E0B38D00BC15CD /* Resources */ = {
			isa = PBXResourcesBuildPhase;
			buildActionMask = 2147483647;
			files = (
				4570039018E0B38D00BC15CD /* Images.xcassets in Resources */,
				4570038218E0B38D00BC15CD /* InfoPlist.strings in Resources */,
				4570038B18E0B38D00BC15CD /* Main.storyboard in Resources */,
			);
			runOnlyForDeploymentPostprocessing = 0;
		};
		4570039318E0B38D00BC15CD /* Resources */ = {
			isa = PBXResourcesBuildPhase;
			buildActionMask = 2147483647;
			files = (
				457003A118E0B38D00BC15CD /* InfoPlist.strings in Resources */,
			);
			runOnlyForDeploymentPostprocessing = 0;
		};
/* End PBXResourcesBuildPhase section */

/* Begin PBXSourcesBuildPhase section */
		4570037018E0B38D00BC15CD /* Sources */ = {
			isa = PBXSourcesBuildPhase;
			buildActionMask = 2147483647;
			files = (
				457003C818E33EFE00BC15CD /* ADMTimeTasksConnector.m in Sources */,
				45C0805B18E4642300D84073 /* ADMTableViewHandler.m in Sources */,
				457003AF18E0B3F700BC15CD /* ADMTimeTask.m in Sources */,
				4570038E18E0B38D00BC15CD /* ADMViewController.m in Sources */,
				45C0807118E4ACCE00D84073 /* ADMTableViewCell.m in Sources */,
				4570038418E0B38D00BC15CD /* main.m in Sources */,
				4570038818E0B38D00BC15CD /* ADMAppDelegate.m in Sources */,
			);
			runOnlyForDeploymentPostprocessing = 0;
		};
		4570039118E0B38D00BC15CD /* Sources */ = {
			isa = PBXSourcesBuildPhase;
			buildActionMask = 2147483647;
			files = (
				45C0805D18E4643600D84073 /* ADMTableViewHandlerTests.m in Sources */,
				457003CA18E33F1000BC15CD /* ADMTimeTasksConnectorTests.m in Sources */,
				45C0807318E4ACE500D84073 /* ADMTableViewCellTests.m in Sources */,
				457003B118E0B40700BC15CD /* ADMTimeTaskTests.m in Sources */,
				453937E918E35C9F009F2763 /* XCTestCase+ADMTestingExtensions.m in Sources */,
				45C0805818E45BB000D84073 /* ADMViewControllerTests.m in Sources */,
			);
			runOnlyForDeploymentPostprocessing = 0;
		};
/* End PBXSourcesBuildPhase section */

/* Begin PBXTargetDependency section */
		4570039B18E0B38D00BC15CD /* PBXTargetDependency */ = {
			isa = PBXTargetDependency;
			target = 4570037318E0B38D00BC15CD /* TimeTasks */;
			targetProxy = 4570039A18E0B38D00BC15CD /* PBXContainerItemProxy */;
		};
/* End PBXTargetDependency section */

/* Begin PBXVariantGroup section */
		4570038018E0B38D00BC15CD /* InfoPlist.strings */ = {
			isa = PBXVariantGroup;
			children = (
				4570038118E0B38D00BC15CD /* en */,
			);
			name = InfoPlist.strings;
			sourceTree = "<group>";
		};
		4570038918E0B38D00BC15CD /* Main.storyboard */ = {
			isa = PBXVariantGroup;
			children = (
				4570038A18E0B38D00BC15CD /* Base */,
			);
			name = Main.storyboard;
			sourceTree = "<group>";
		};
		4570039F18E0B38D00BC15CD /* InfoPlist.strings */ = {
			isa = PBXVariantGroup;
			children = (
				457003A018E0B38D00BC15CD /* en */,
			);
			name = InfoPlist.strings;
			sourceTree = "<group>";
		};
/* End PBXVariantGroup section */

/* Begin XCBuildConfiguration section */
		457003A418E0B38D00BC15CD /* Debug */ = {
			isa = XCBuildConfiguration;
			buildSettings = {
				ALWAYS_SEARCH_USER_PATHS = NO;
				CLANG_CXX_LANGUAGE_STANDARD = "gnu++0x";
				CLANG_CXX_LIBRARY = "libc++";
				CLANG_ENABLE_MODULES = YES;
				CLANG_ENABLE_OBJC_ARC = YES;
				CLANG_WARN_BOOL_CONVERSION = YES;
				CLANG_WARN_CONSTANT_CONVERSION = YES;
				CLANG_WARN_DIRECT_OBJC_ISA_USAGE = YES_ERROR;
				CLANG_WARN_EMPTY_BODY = YES;
				CLANG_WARN_ENUM_CONVERSION = YES;
				CLANG_WARN_INT_CONVERSION = YES;
				CLANG_WARN_OBJC_ROOT_CLASS = YES_ERROR;
				CLANG_WARN__DUPLICATE_METHOD_MATCH = YES;
				"CODE_SIGN_IDENTITY[sdk=iphoneos*]" = "iPhone Developer";
				COPY_PHASE_STRIP = NO;
				GCC_C_LANGUAGE_STANDARD = gnu99;
				GCC_DYNAMIC_NO_PIC = NO;
				GCC_OPTIMIZATION_LEVEL = 0;
				GCC_PREPROCESSOR_DEFINITIONS = (
					"DEBUG=1",
					"$(inherited)",
				);
				GCC_SYMBOLS_PRIVATE_EXTERN = NO;
				GCC_WARN_64_TO_32_BIT_CONVERSION = YES;
				GCC_WARN_ABOUT_RETURN_TYPE = YES_ERROR;
				GCC_WARN_UNDECLARED_SELECTOR = YES;
				GCC_WARN_UNINITIALIZED_AUTOS = YES_AGGRESSIVE;
				GCC_WARN_UNUSED_FUNCTION = YES;
				GCC_WARN_UNUSED_VARIABLE = YES;
				IPHONEOS_DEPLOYMENT_TARGET = 7.1;
				ONLY_ACTIVE_ARCH = YES;
				SDKROOT = iphoneos;
			};
			name = Debug;
		};
		457003A518E0B38D00BC15CD /* Release */ = {
			isa = XCBuildConfiguration;
			buildSettings = {
				ALWAYS_SEARCH_USER_PATHS = NO;
				CLANG_CXX_LANGUAGE_STANDARD = "gnu++0x";
				CLANG_CXX_LIBRARY = "libc++";
				CLANG_ENABLE_MODULES = YES;
				CLANG_ENABLE_OBJC_ARC = YES;
				CLANG_WARN_BOOL_CONVERSION = YES;
				CLANG_WARN_CONSTANT_CONVERSION = YES;
				CLANG_WARN_DIRECT_OBJC_ISA_USAGE = YES_ERROR;
				CLANG_WARN_EMPTY_BODY = YES;
				CLANG_WARN_ENUM_CONVERSION = YES;
				CLANG_WARN_INT_CONVERSION = YES;
				CLANG_WARN_OBJC_ROOT_CLASS = YES_ERROR;
				CLANG_WARN__DUPLICATE_METHOD_MATCH = YES;
				"CODE_SIGN_IDENTITY[sdk=iphoneos*]" = "iPhone Developer";
				COPY_PHASE_STRIP = YES;
				ENABLE_NS_ASSERTIONS = NO;
				GCC_C_LANGUAGE_STANDARD = gnu99;
				GCC_WARN_64_TO_32_BIT_CONVERSION = YES;
				GCC_WARN_ABOUT_RETURN_TYPE = YES_ERROR;
				GCC_WARN_UNDECLARED_SELECTOR = YES;
				GCC_WARN_UNINITIALIZED_AUTOS = YES_AGGRESSIVE;
				GCC_WARN_UNUSED_FUNCTION = YES;
				GCC_WARN_UNUSED_VARIABLE = YES;
				IPHONEOS_DEPLOYMENT_TARGET = 7.1;
				SDKROOT = iphoneos;
				VALIDATE_PRODUCT = YES;
			};
			name = Release;
		};
		457003A718E0B38D00BC15CD /* Debug */ = {
			isa = XCBuildConfiguration;
			buildSettings = {
				ASSETCATALOG_COMPILER_APPICON_NAME = AppIcon;
				ASSETCATALOG_COMPILER_LAUNCHIMAGE_NAME = LaunchImage;
				GCC_PRECOMPILE_PREFIX_HEADER = YES;
				GCC_PREFIX_HEADER = "TimeTasks/TimeTasks-Prefix.pch";
				INFOPLIST_FILE = "TimeTasks/TimeTasks-Info.plist";
				PRODUCT_NAME = "$(TARGET_NAME)";
				WRAPPER_EXTENSION = app;
			};
			name = Debug;
		};
		457003A818E0B38D00BC15CD /* Release */ = {
			isa = XCBuildConfiguration;
			buildSettings = {
				ASSETCATALOG_COMPILER_APPICON_NAME = AppIcon;
				ASSETCATALOG_COMPILER_LAUNCHIMAGE_NAME = LaunchImage;
				GCC_PRECOMPILE_PREFIX_HEADER = YES;
				GCC_PREFIX_HEADER = "TimeTasks/TimeTasks-Prefix.pch";
				INFOPLIST_FILE = "TimeTasks/TimeTasks-Info.plist";
				PRODUCT_NAME = "$(TARGET_NAME)";
				WRAPPER_EXTENSION = app;
			};
			name = Release;
		};
		457003AA18E0B38D00BC15CD /* Debug */ = {
			isa = XCBuildConfiguration;
			buildSettings = {
				BUNDLE_LOADER = "$(BUILT_PRODUCTS_DIR)/TimeTasks.app/TimeTasks";
				FRAMEWORK_SEARCH_PATHS = (
					"$(SDKROOT)/Developer/Library/Frameworks",
					"$(inherited)",
					"$(DEVELOPER_FRAMEWORKS_DIR)",
				);
				GCC_PRECOMPILE_PREFIX_HEADER = YES;
				GCC_PREFIX_HEADER = "TimeTasks/TimeTasks-Prefix.pch";
				GCC_PREPROCESSOR_DEFINITIONS = (
					"DEBUG=1",
					"$(inherited)",
				);
				HEADER_SEARCH_PATHS = (
					"$(inherited)",
					"\"$(SRCROOT)/usr/include\"",
				);
				INFOPLIST_FILE = "TimeTasksTests/TimeTasksTests-Info.plist";
				LIBRARY_SEARCH_PATHS = (
					"$(inherited)",
					"$(PROJECT_DIR)/TimeTasks",
					"$(PROJECT_DIR)/TimeTasks/usr/lib",
					"$(PROJECT_DIR)/usr/lib",
				);
				OTHER_LDFLAGS = (
					"$(inherited)",
					"-framework",
					XCTest,
					"-force_load",
					"\"$(SRCROOT)/usr/lib/libOCMock.a\"",
					"-ObjC",
				);
				PRODUCT_NAME = "$(TARGET_NAME)";
				TEST_HOST = "$(BUNDLE_LOADER)";
				WRAPPER_EXTENSION = xctest;
			};
			name = Debug;
		};
		457003AB18E0B38D00BC15CD /* Release */ = {
			isa = XCBuildConfiguration;
			buildSettings = {
				BUNDLE_LOADER = "$(BUILT_PRODUCTS_DIR)/TimeTasks.app/TimeTasks";
				FRAMEWORK_SEARCH_PATHS = (
					"$(SDKROOT)/Developer/Library/Frameworks",
					"$(inherited)",
					"$(DEVELOPER_FRAMEWORKS_DIR)",
				);
				GCC_PRECOMPILE_PREFIX_HEADER = YES;
				GCC_PREFIX_HEADER = "TimeTasks/TimeTasks-Prefix.pch";
				HEADER_SEARCH_PATHS = (
					"$(inherited)",
					"\"$(SRCROOT)/usr/include\"",
				);
				INFOPLIST_FILE = "TimeTasksTests/TimeTasksTests-Info.plist";
				LIBRARY_SEARCH_PATHS = (
					"$(inherited)",
					"$(PROJECT_DIR)/TimeTasks",
					"$(PROJECT_DIR)/TimeTasks/usr/lib",
					"$(PROJECT_DIR)/usr/lib",
				);
				OTHER_LDFLAGS = (
					"$(inherited)",
					"-framework",
					XCTest,
					"-force_load",
					"\"$(SRCROOT)/usr/lib/libOCMock.a\"",
					"-ObjC",
				);
				PRODUCT_NAME = "$(TARGET_NAME)";
				TEST_HOST = "$(BUNDLE_LOADER)";
				WRAPPER_EXTENSION = xctest;
			};
			name = Release;
		};
/* End XCBuildConfiguration section */

/* Begin XCConfigurationList section */
		4570036F18E0B38D00BC15CD /* Build configuration list for PBXProject "TimeTasks" */ = {
			isa = XCConfigurationList;
			buildConfigurations = (
				457003A418E0B38D00BC15CD /* Debug */,
				457003A518E0B38D00BC15CD /* Release */,
			);
			defaultConfigurationIsVisible = 0;
			defaultConfigurationName = Release;
		};
		457003A618E0B38D00BC15CD /* Build configuration list for PBXNativeTarget "TimeTasks" */ = {
			isa = XCConfigurationList;
			buildConfigurations = (
				457003A718E0B38D00BC15CD /* Debug */,
				457003A818E0B38D00BC15CD /* Release */,
			);
			defaultConfigurationIsVisible = 0;
			defaultConfigurationName = Release;
		};
		457003A918E0B38D00BC15CD /* Build configuration list for PBXNativeTarget "TimeTasksTests" */ = {
			isa = XCConfigurationList;
			buildConfigurations = (
				457003AA18E0B38D00BC15CD /* Debug */,
				457003AB18E0B38D00BC15CD /* Release */,
			);
			defaultConfigurationIsVisible = 0;
			defaultConfigurationName = Release;
		};
/* End XCConfigurationList section */
	};
	rootObject = 4570036C18E0B38D00BC15CD /* Project object */;
}
